
Microsoft Visual Studio Solution File, Format Version 12.00
# Visual Studio Version 16
VisualStudioVersion = 16.0.31702.278
MinimumVisualStudioVersion = 10.0.40219.1
Project("{9A19103F-16F7-4668-BE54-9A1E7A4F7556}") = "Lab 8_9", "Lab8_9\Lab 8_9.csproj", "{6169B7CF-4734-4EED-970F-674EEBB801F4}"
EndProject
Global
	GlobalSection(SolutionConfigurationPlatforms) = preSolution
		Debug|Any CPU = Debug|Any CPU
		Release|Any CPU = Release|Any CPU
	EndGlobalSection
	GlobalSection(ProjectConfigurationPlatforms) = postSolution
		{6169B7CF-4734-4EED-970F-674EEBB801F4}.Debug|Any CPU.ActiveCfg = Debug|Any CPU
		{6169B7CF-4734-4EED-970F-674EEBB801F4}.Debug|Any CPU.Build.0 = Debug|Any CPU
		{6169B7CF-4734-4EED-970F-674EEBB801F4}.Release|Any CPU.ActiveCfg = Release|Any CPU
		{6169B7CF-4734-4EED-970F-674EEBB801F4}.Release|Any CPU.Build.0 = Release|Any CPU
	EndGlobalSection
	GlobalSection(SolutionProperties) = preSolution
		HideSolutionNode = FALSE
	EndGlobalSection
	GlobalSection(ExtensibilityGlobals) = postSolution
		SolutionGuid = {CF34ECB4-A371-43A6-B7D6-BE1A2EEF73BD}
	EndGlobalSection
EndGlobal
