
Microsoft Visual Studio Solution File, Format Version 12.00
# Visual Studio Version 16
VisualStudioVersion = 16.0.31702.278
MinimumVisualStudioVersion = 10.0.40219.1
Project("{9A19103F-16F7-4668-BE54-9A1E7A4F7556}") = "Lab 8", "lab8\Lab 8.csproj", "{BFF8D84B-06DB-42F8-9658-027FBF3FAFA6}"
EndProject
Global
	GlobalSection(SolutionConfigurationPlatforms) = preSolution
		Debug|Any CPU = Debug|Any CPU
		Release|Any CPU = Release|Any CPU
	EndGlobalSection
	GlobalSection(ProjectConfigurationPlatforms) = postSolution
		{BFF8D84B-06DB-42F8-9658-027FBF3FAFA6}.Debug|Any CPU.ActiveCfg = Debug|Any CPU
		{BFF8D84B-06DB-42F8-9658-027FBF3FAFA6}.Debug|Any CPU.Build.0 = Debug|Any CPU
		{BFF8D84B-06DB-42F8-9658-027FBF3FAFA6}.Release|Any CPU.ActiveCfg = Release|Any CPU
		{BFF8D84B-06DB-42F8-9658-027FBF3FAFA6}.Release|Any CPU.Build.0 = Release|Any CPU
	EndGlobalSection
	GlobalSection(SolutionProperties) = preSolution
		HideSolutionNode = FALSE
	EndGlobalSection
	GlobalSection(ExtensibilityGlobals) = postSolution
		SolutionGuid = {CF34ECB4-A371-43A6-B7D6-BE1A2EEF73BD}
	EndGlobalSection
EndGlobal
